{
  "name": "arrpc",
  "version": "3.5.0",
  "lockfileVersion": 3,
  "requires": true,
  "packages": {
    "": {
      "name": "arrpc",
      "version": "3.5.0",
      "license": "MIT",
      "dependencies": {
        "koffi": "^2.9.0",
        "ws": "^8.11.0"
      },
      "bin": {
        "arrpc": "src/index.js"
      }
    },
    "node_modules/koffi": {
      "version": "2.9.0",
      "resolved": "https://registry.npmjs.org/koffi/-/koffi-2.9.0.tgz",
      "integrity": "sha512-KCsuJ2gM58n6bNdR2Z7gqsh/3TchxxQFbVgax2/UvAjRTgwNSYAJDx9E3jrkBP4jEDHWRCfE47Y2OG+/fiSvEw==",
      "hasInstallScript": true
    },
    "node_modules/ws": {
      "version": "8.18.0",
      "resolved": "https://registry.npmjs.org/ws/-/ws-8.18.0.tgz",
      "integrity": "sha512-8VbfWfHLbbwu3+N6OKsOMpBdT4kXPDDB9cJk2bJ6mh9ucxdlnNvH1e+roYkKmN9Nxw2yjz7VzeO9oOz2zJ04Pw==",
      "engines": {
        "node": ">=10.0.0"
      },
      "peerDependencies": {
        "bufferutil": "^4.0.1",
        "utf-8-validate": ">=5.0.2"
      },
      "peerDependenciesMeta": {
        "bufferutil": {
          "optional": true
        },
        "utf-8-validate": {
          "optional": true
        }
      }
    }
  }
}
